
Microsoft Visual Studio Solution File, Format Version 12.00
# Visual Studio Version 16
VisualStudioVersion = 16.0.32602.291
MinimumVisualStudioVersion = 10.0.40219.1
Project("{FAE04EC0-301F-11D3-BF4B-00C04F79EFBC}") = "VaporStore", "VaporStore\VaporStore.csproj", "{960570AC-E6CF-4E7A-AD35-20BB9CC05A0E}"
EndProject
Global
	GlobalSection(SolutionConfigurationPlatforms) = preSolution
		Debug|Any CPU = Debug|Any CPU
		Release|Any CPU = Release|Any CPU
	EndGlobalSection
	GlobalSection(ProjectConfigurationPlatforms) = postSolution
		{960570AC-E6CF-4E7A-AD35-20BB9CC05A0E}.Debug|Any CPU.ActiveCfg = Debug|Any CPU
		{960570AC-E6CF-4E7A-AD35-20BB9CC05A0E}.Debug|Any CPU.Build.0 = Debug|Any CPU
		{960570AC-E6CF-4E7A-AD35-20BB9CC05A0E}.Release|Any CPU.ActiveCfg = Release|Any CPU
		{960570AC-E6CF-4E7A-AD35-20BB9CC05A0E}.Release|Any CPU.Build.0 = Release|Any CPU
	EndGlobalSection
	GlobalSection(SolutionProperties) = preSolution
		HideSolutionNode = FALSE
	EndGlobalSection
	GlobalSection(ExtensibilityGlobals) = postSolution
		SolutionGuid = {689580D6-3BCD-444A-A724-CF901A0F6A4F}
	EndGlobalSection
EndGlobal
